// !$*UTF8*$!
{
	archiveVersion = 1;
	classes = {
	};
	objectVersion = 46;
	objects = {

/* Begin PBXBuildFile section */
		CA37F8361F0C50C8004143AD /* MessageTableViewCell.swift in Sources */ = {isa = PBXBuildFile; fileRef = CA37F8341F0C50C8004143AD /* MessageTableViewCell.swift */; };
		CA37F8371F0C50C8004143AD /* MessageTableViewCell.xib in Resources */ = {isa = PBXBuildFile; fileRef = CA37F8351F0C50C8004143AD /* MessageTableViewCell.xib */; };
		CA37F8391F0D9DA8004143AD /* NavigationDelegate.swift in Sources */ = {isa = PBXBuildFile; fileRef = CA37F8381F0D9DA8004143AD /* NavigationDelegate.swift */; };
		CA37F8411F0DA85C004143AD /* UserCollectionViewCell.swift in Sources */ = {isa = PBXBuildFile; fileRef = CA37F83F1F0DA85C004143AD /* UserCollectionViewCell.swift */; };
		CA37F8421F0DA85C004143AD /* UserCollectionViewCell.xib in Resources */ = {isa = PBXBuildFile; fileRef = CA37F8401F0DA85C004143AD /* UserCollectionViewCell.xib */; };
		CA37F8441F0DAED1004143AD /* Toucan.framework in Frameworks */ = {isa = PBXBuildFile; fileRef = CA37F8431F0DAED1004143AD /* Toucan.framework */; };
		CA37F8451F0DAED1004143AD /* Toucan.framework in Embed Frameworks */ = {isa = PBXBuildFile; fileRef = CA37F8431F0DAED1004143AD /* Toucan.framework */; settings = {ATTRIBUTES = (CodeSignOnCopy, RemoveHeadersOnCopy, ); }; };
		CA37F8471F0DC3F9004143AD /* Alamofire.framework in Frameworks */ = {isa = PBXBuildFile; fileRef = CA37F8461F0DC3F9004143AD /* Alamofire.framework */; };
		CA37F8481F0DC3F9004143AD /* Alamofire.framework in Embed Frameworks */ = {isa = PBXBuildFile; fileRef = CA37F8461F0DC3F9004143AD /* Alamofire.framework */; settings = {ATTRIBUTES = (CodeSignOnCopy, RemoveHeadersOnCopy, ); }; };
		CA37F84A1F0DC402004143AD /* AlamofireImage.framework in Frameworks */ = {isa = PBXBuildFile; fileRef = CA37F8491F0DC402004143AD /* AlamofireImage.framework */; };
		CA37F84B1F0DC402004143AD /* AlamofireImage.framework in Embed Frameworks */ = {isa = PBXBuildFile; fileRef = CA37F8491F0DC402004143AD /* AlamofireImage.framework */; settings = {ATTRIBUTES = (CodeSignOnCopy, RemoveHeadersOnCopy, ); }; };
		CAB7C1881F073CBF00FF19DC /* AppDelegate.swift in Sources */ = {isa = PBXBuildFile; fileRef = CAB7C1871F073CBF00FF19DC /* AppDelegate.swift */; };
		CAB7C18D1F073CBF00FF19DC /* Main.storyboard in Resources */ = {isa = PBXBuildFile; fileRef = CAB7C18B1F073CBF00FF19DC /* Main.storyboard */; };
		CAB7C1921F073CBF00FF19DC /* LaunchScreen.storyboard in Resources */ = {isa = PBXBuildFile; fileRef = CAB7C1901F073CBF00FF19DC /* LaunchScreen.storyboard */; };
		CAB7C19C1F073F7D00FF19DC /* DashboardViewController.swift in Sources */ = {isa = PBXBuildFile; fileRef = CAB7C19B1F073F7D00FF19DC /* DashboardViewController.swift */; };
		CAB7C19E1F073F9F00FF19DC /* MessagesViewController.swift in Sources */ = {isa = PBXBuildFile; fileRef = CAB7C19D1F073F9F00FF19DC /* MessagesViewController.swift */; };
		CAB7C1A01F073FBB00FF19DC /* MySalesViewController.swift in Sources */ = {isa = PBXBuildFile; fileRef = CAB7C19F1F073FBB00FF19DC /* MySalesViewController.swift */; };
		CAB7C1AB1F0741A800FF19DC /* Info.plist in Resources */ = {isa = PBXBuildFile; fileRef = CAB7C1AA1F0741A800FF19DC /* Info.plist */; };
		CAB7C1AD1F0741C200FF19DC /* Assets.xcassets in Resources */ = {isa = PBXBuildFile; fileRef = CAB7C1AC1F0741C200FF19DC /* Assets.xcassets */; };
		CAB7C1AF1F0AFC0E00FF19DC /* MainViewController.swift in Sources */ = {isa = PBXBuildFile; fileRef = CAB7C1AE1F0AFC0E00FF19DC /* MainViewController.swift */; };
		CAB7C1B11F0AFEE700FF19DC /* SlideMenuControllerSwift.framework in Frameworks */ = {isa = PBXBuildFile; fileRef = CAB7C1B01F0AFEE700FF19DC /* SlideMenuControllerSwift.framework */; };
		CAB7C1B21F0AFEE700FF19DC /* SlideMenuControllerSwift.framework in Embed Frameworks */ = {isa = PBXBuildFile; fileRef = CAB7C1B01F0AFEE700FF19DC /* SlideMenuControllerSwift.framework */; settings = {ATTRIBUTES = (CodeSignOnCopy, RemoveHeadersOnCopy, ); }; };
		CAB7C1B51F0AFF6900FF19DC /* MenuViewController.swift in Sources */ = {isa = PBXBuildFile; fileRef = CAB7C1B41F0AFF6900FF19DC /* MenuViewController.swift */; };
		CAB7C1B71F0B071D00FF19DC /* BaseViewController.swift in Sources */ = {isa = PBXBuildFile; fileRef = CAB7C1B61F0B071D00FF19DC /* BaseViewController.swift */; };
		CAB7C1BB1F0B0A2400FF19DC /* NavigationBar.swift in Sources */ = {isa = PBXBuildFile; fileRef = CAB7C1BA1F0B0A2400FF19DC /* NavigationBar.swift */; };
		CABDD9671F0C331100B690B1 /* Colors.swift in Sources */ = {isa = PBXBuildFile; fileRef = CABDD9661F0C331100B690B1 /* Colors.swift */; };
/* End PBXBuildFile section */

/* Begin PBXCopyFilesBuildPhase section */
		CAB7C1B31F0AFEE700FF19DC /* Embed Frameworks */ = {
			isa = PBXCopyFilesBuildPhase;
			buildActionMask = 2147483647;
			dstPath = "";
			dstSubfolderSpec = 10;
			files = (
				CA37F8451F0DAED1004143AD /* Toucan.framework in Embed Frameworks */,
				CA37F8481F0DC3F9004143AD /* Alamofire.framework in Embed Frameworks */,
				CAB7C1B21F0AFEE700FF19DC /* SlideMenuControllerSwift.framework in Embed Frameworks */,
				CA37F84B1F0DC402004143AD /* AlamofireImage.framework in Embed Frameworks */,
			);
			name = "Embed Frameworks";
			runOnlyForDeploymentPostprocessing = 0;
		};
/* End PBXCopyFilesBuildPhase section */

/* Begin PBXFileReference section */
		CA37F8341F0C50C8004143AD /* MessageTableViewCell.swift */ = {isa = PBXFileReference; fileEncoding = 4; lastKnownFileType = sourcecode.swift; path = MessageTableViewCell.swift; sourceTree = "<group>"; };
		CA37F8351F0C50C8004143AD /* MessageTableViewCell.xib */ = {isa = PBXFileReference; fileEncoding = 4; lastKnownFileType = file.xib; path = MessageTableViewCell.xib; sourceTree = "<group>"; };
		CA37F8381F0D9DA8004143AD /* NavigationDelegate.swift */ = {isa = PBXFileReference; fileEncoding = 4; lastKnownFileType = sourcecode.swift; path = NavigationDelegate.swift; sourceTree = "<group>"; };
		CA37F83F1F0DA85C004143AD /* UserCollectionViewCell.swift */ = {isa = PBXFileReference; fileEncoding = 4; lastKnownFileType = sourcecode.swift; path = UserCollectionViewCell.swift; sourceTree = "<group>"; };
		CA37F8401F0DA85C004143AD /* UserCollectionViewCell.xib */ = {isa = PBXFileReference; fileEncoding = 4; lastKnownFileType = file.xib; path = UserCollectionViewCell.xib; sourceTree = "<group>"; };
		CA37F8431F0DAED1004143AD /* Toucan.framework */ = {isa = PBXFileReference; lastKnownFileType = wrapper.framework; name = Toucan.framework; path = Carthage/Build/iOS/Toucan.framework; sourceTree = "<group>"; };
		CA37F8461F0DC3F9004143AD /* Alamofire.framework */ = {isa = PBXFileReference; lastKnownFileType = wrapper.framework; name = Alamofire.framework; path = Carthage/Build/iOS/Alamofire.framework; sourceTree = "<group>"; };
		CA37F8491F0DC402004143AD /* AlamofireImage.framework */ = {isa = PBXFileReference; lastKnownFileType = wrapper.framework; name = AlamofireImage.framework; path = Carthage/Build/iOS/AlamofireImage.framework; sourceTree = "<group>"; };
		CAB7C1841F073CBF00FF19DC /* hotmart-test.app */ = {isa = PBXFileReference; explicitFileType = wrapper.application; includeInIndex = 0; path = "hotmart-test.app"; sourceTree = BUILT_PRODUCTS_DIR; };
		CAB7C1871F073CBF00FF19DC /* AppDelegate.swift */ = {isa = PBXFileReference; lastKnownFileType = sourcecode.swift; name = AppDelegate.swift; path = "hotmart-test/Controllers/AppDelegate.swift"; sourceTree = SOURCE_ROOT; };
		CAB7C18C1F073CBF00FF19DC /* Base */ = {isa = PBXFileReference; lastKnownFileType = file.storyboard; name = Base; path = Base.lproj/Main.storyboard; sourceTree = "<group>"; };
		CAB7C1911F073CBF00FF19DC /* Base */ = {isa = PBXFileReference; lastKnownFileType = file.storyboard; name = Base; path = Base.lproj/LaunchScreen.storyboard; sourceTree = "<group>"; };
		CAB7C19B1F073F7D00FF19DC /* DashboardViewController.swift */ = {isa = PBXFileReference; fileEncoding = 4; lastKnownFileType = sourcecode.swift; path = DashboardViewController.swift; sourceTree = "<group>"; };
		CAB7C19D1F073F9F00FF19DC /* MessagesViewController.swift */ = {isa = PBXFileReference; fileEncoding = 4; lastKnownFileType = sourcecode.swift; path = MessagesViewController.swift; sourceTree = "<group>"; };
		CAB7C19F1F073FBB00FF19DC /* MySalesViewController.swift */ = {isa = PBXFileReference; fileEncoding = 4; lastKnownFileType = sourcecode.swift; path = MySalesViewController.swift; sourceTree = "<group>"; };
		CAB7C1AA1F0741A800FF19DC /* Info.plist */ = {isa = PBXFileReference; fileEncoding = 4; lastKnownFileType = text.plist.xml; path = Info.plist; sourceTree = "<group>"; };
		CAB7C1AC1F0741C200FF19DC /* Assets.xcassets */ = {isa = PBXFileReference; lastKnownFileType = folder.assetcatalog; path = Assets.xcassets; sourceTree = "<group>"; };
		CAB7C1AE1F0AFC0E00FF19DC /* MainViewController.swift */ = {isa = PBXFileReference; fileEncoding = 4; lastKnownFileType = sourcecode.swift; path = MainViewController.swift; sourceTree = "<group>"; };
		CAB7C1B01F0AFEE700FF19DC /* SlideMenuControllerSwift.framework */ = {isa = PBXFileReference; lastKnownFileType = wrapper.framework; name = SlideMenuControllerSwift.framework; path = Carthage/Build/iOS/SlideMenuControllerSwift.framework; sourceTree = "<group>"; };
		CAB7C1B41F0AFF6900FF19DC /* MenuViewController.swift */ = {isa = PBXFileReference; fileEncoding = 4; lastKnownFileType = sourcecode.swift; path = MenuViewController.swift; sourceTree = "<group>"; };
		CAB7C1B61F0B071D00FF19DC /* BaseViewController.swift */ = {isa = PBXFileReference; fileEncoding = 4; lastKnownFileType = sourcecode.swift; path = BaseViewController.swift; sourceTree = "<group>"; };
		CAB7C1BA1F0B0A2400FF19DC /* NavigationBar.swift */ = {isa = PBXFileReference; fileEncoding = 4; lastKnownFileType = sourcecode.swift; path = NavigationBar.swift; sourceTree = "<group>"; };
		CABDD9661F0C331100B690B1 /* Colors.swift */ = {isa = PBXFileReference; fileEncoding = 4; lastKnownFileType = sourcecode.swift; path = Colors.swift; sourceTree = "<group>"; };
/* End PBXFileReference section */

/* Begin PBXFrameworksBuildPhase section */
		CAB7C1811F073CBF00FF19DC /* Frameworks */ = {
			isa = PBXFrameworksBuildPhase;
			buildActionMask = 2147483647;
			files = (
				CA37F8441F0DAED1004143AD /* Toucan.framework in Frameworks */,
				CA37F8471F0DC3F9004143AD /* Alamofire.framework in Frameworks */,
				CAB7C1B11F0AFEE700FF19DC /* SlideMenuControllerSwift.framework in Frameworks */,
				CA37F84A1F0DC402004143AD /* AlamofireImage.framework in Frameworks */,
			);
			runOnlyForDeploymentPostprocessing = 0;
		};
/* End PBXFrameworksBuildPhase section */

/* Begin PBXGroup section */
		CA37F83A1F0DA0BC004143AD /* Protocols */ = {
			isa = PBXGroup;
			children = (
				CA37F8381F0D9DA8004143AD /* NavigationDelegate.swift */,
			);
			path = Protocols;
			sourceTree = "<group>";
		};
		CA37F83B1F0DA0C2004143AD /* Extensions */ = {
			isa = PBXGroup;
			children = (
				CABDD9661F0C331100B690B1 /* Colors.swift */,
			);
			path = Extensions;
			sourceTree = "<group>";
		};
		CAB7C17B1F073CBF00FF19DC = {
			isa = PBXGroup;
			children = (
				CA37F8491F0DC402004143AD /* AlamofireImage.framework */,
				CA37F8461F0DC3F9004143AD /* Alamofire.framework */,
				CA37F8431F0DAED1004143AD /* Toucan.framework */,
				CAB7C1B01F0AFEE700FF19DC /* SlideMenuControllerSwift.framework */,
				CAB7C1861F073CBF00FF19DC /* hotmart-test */,
				CAB7C1851F073CBF00FF19DC /* Products */,
			);
			sourceTree = "<group>";
		};
		CAB7C1851F073CBF00FF19DC /* Products */ = {
			isa = PBXGroup;
			children = (
				CAB7C1841F073CBF00FF19DC /* hotmart-test.app */,
			);
			name = Products;
			sourceTree = "<group>";
		};
		CAB7C1861F073CBF00FF19DC /* hotmart-test */ = {
			isa = PBXGroup;
			children = (
				CABDD9651F0C32DC00B690B1 /* Helpers */,
				CAB7C1A11F07401000FF19DC /* Views */,
				CAB7C19A1F073ED500FF19DC /* Controllers */,
				CAB7C1991F073D9800FF19DC /* Resources */,
			);
			path = "hotmart-test";
			sourceTree = "<group>";
		};
		CAB7C1991F073D9800FF19DC /* Resources */ = {
			isa = PBXGroup;
			children = (
				CAB7C1AC1F0741C200FF19DC /* Assets.xcassets */,
				CAB7C1AA1F0741A800FF19DC /* Info.plist */,
				CAB7C18B1F073CBF00FF19DC /* Main.storyboard */,
				CAB7C1901F073CBF00FF19DC /* LaunchScreen.storyboard */,
			);
			path = Resources;
			sourceTree = "<group>";
		};
		CAB7C19A1F073ED500FF19DC /* Controllers */ = {
			isa = PBXGroup;
			children = (
				CAB7C1871F073CBF00FF19DC /* AppDelegate.swift */,
				CAB7C19B1F073F7D00FF19DC /* DashboardViewController.swift */,
				CAB7C19D1F073F9F00FF19DC /* MessagesViewController.swift */,
				CAB7C19F1F073FBB00FF19DC /* MySalesViewController.swift */,
				CAB7C1AE1F0AFC0E00FF19DC /* MainViewController.swift */,
				CAB7C1B41F0AFF6900FF19DC /* MenuViewController.swift */,
				CAB7C1B61F0B071D00FF19DC /* BaseViewController.swift */,
			);
			path = Controllers;
			sourceTree = "<group>";
		};
		CAB7C1A11F07401000FF19DC /* Views */ = {
			isa = PBXGroup;
			children = (
				CAB7C1B91F0B0A0900FF19DC /* Container */,
				CAB7C1A21F07401000FF19DC /* Dashboard */,
				CAB7C1A31F07401000FF19DC /* Menu */,
				CAB7C1A41F07401000FF19DC /* Messages */,
				CAB7C1A51F07401000FF19DC /* MySales */,
			);
			path = Views;
			sourceTree = "<group>";
		};
		CAB7C1A21F07401000FF19DC /* Dashboard */ = {
			isa = PBXGroup;
			children = (
				CA37F8341F0C50C8004143AD /* MessageTableViewCell.swift */,
				CA37F8351F0C50C8004143AD /* MessageTableViewCell.xib */,
			);
			path = Dashboard;
			sourceTree = "<group>";
		};
		CAB7C1A31F07401000FF19DC /* Menu */ = {
			isa = PBXGroup;
			children = (
			);
			path = Menu;
			sourceTree = "<group>";
		};
		CAB7C1A41F07401000FF19DC /* Messages */ = {
			isa = PBXGroup;
			children = (
				CA37F83F1F0DA85C004143AD /* UserCollectionViewCell.swift */,
				CA37F8401F0DA85C004143AD /* UserCollectionViewCell.xib */,
			);
			path = Messages;
			sourceTree = "<group>";
		};
		CAB7C1A51F07401000FF19DC /* MySales */ = {
			isa = PBXGroup;
			children = (
			);
			path = MySales;
			sourceTree = "<group>";
		};
		CAB7C1B91F0B0A0900FF19DC /* Container */ = {
			isa = PBXGroup;
			children = (
				CAB7C1BA1F0B0A2400FF19DC /* NavigationBar.swift */,
			);
			path = Container;
			sourceTree = "<group>";
		};
		CABDD9651F0C32DC00B690B1 /* Helpers */ = {
			isa = PBXGroup;
			children = (
				CA37F83B1F0DA0C2004143AD /* Extensions */,
				CA37F83A1F0DA0BC004143AD /* Protocols */,
			);
			path = Helpers;
			sourceTree = "<group>";
		};
/* End PBXGroup section */

/* Begin PBXNativeTarget section */
		CAB7C1831F073CBF00FF19DC /* hotmart-test */ = {
			isa = PBXNativeTarget;
			buildConfigurationList = CAB7C1961F073CBF00FF19DC /* Build configuration list for PBXNativeTarget "hotmart-test" */;
			buildPhases = (
				CAB7C1801F073CBF00FF19DC /* Sources */,
				CAB7C1811F073CBF00FF19DC /* Frameworks */,
				CAB7C1821F073CBF00FF19DC /* Resources */,
				CAB7C1B31F0AFEE700FF19DC /* Embed Frameworks */,
			);
			buildRules = (
			);
			dependencies = (
			);
			name = "hotmart-test";
			productName = "hotmart-test";
			productReference = CAB7C1841F073CBF00FF19DC /* hotmart-test.app */;
			productType = "com.apple.product-type.application";
		};
/* End PBXNativeTarget section */

/* Begin PBXProject section */
		CAB7C17C1F073CBF00FF19DC /* Project object */ = {
			isa = PBXProject;
			attributes = {
				LastSwiftUpdateCheck = 0830;
				LastUpgradeCheck = 0830;
				ORGANIZATIONNAME = "Josué";
				TargetAttributes = {
					CAB7C1831F073CBF00FF19DC = {
						CreatedOnToolsVersion = 8.3.1;
						DevelopmentTeam = NBJCH42A7P;
						ProvisioningStyle = Automatic;
					};
				};
			};
			buildConfigurationList = CAB7C17F1F073CBF00FF19DC /* Build configuration list for PBXProject "hotmart-test" */;
			compatibilityVersion = "Xcode 3.2";
			developmentRegion = English;
			hasScannedForEncodings = 0;
			knownRegions = (
				en,
				Base,
			);
			mainGroup = CAB7C17B1F073CBF00FF19DC;
			productRefGroup = CAB7C1851F073CBF00FF19DC /* Products */;
			projectDirPath = "";
			projectRoot = "";
			targets = (
				CAB7C1831F073CBF00FF19DC /* hotmart-test */,
			);
		};
/* End PBXProject section */

/* Begin PBXResourcesBuildPhase section */
		CAB7C1821F073CBF00FF19DC /* Resources */ = {
			isa = PBXResourcesBuildPhase;
			buildActionMask = 2147483647;
			files = (
				CAB7C1921F073CBF00FF19DC /* LaunchScreen.storyboard in Resources */,
				CAB7C18D1F073CBF00FF19DC /* Main.storyboard in Resources */,
				CA37F8371F0C50C8004143AD /* MessageTableViewCell.xib in Resources */,
				CA37F8421F0DA85C004143AD /* UserCollectionViewCell.xib in Resources */,
				CAB7C1AB1F0741A800FF19DC /* Info.plist in Resources */,
				CAB7C1AD1F0741C200FF19DC /* Assets.xcassets in Resources */,
			);
			runOnlyForDeploymentPostprocessing = 0;
		};
/* End PBXResourcesBuildPhase section */

/* Begin PBXSourcesBuildPhase section */
		CAB7C1801F073CBF00FF19DC /* Sources */ = {
			isa = PBXSourcesBuildPhase;
			buildActionMask = 2147483647;
			files = (
				CAB7C19E1F073F9F00FF19DC /* MessagesViewController.swift in Sources */,
				CABDD9671F0C331100B690B1 /* Colors.swift in Sources */,
				CAB7C1B51F0AFF6900FF19DC /* MenuViewController.swift in Sources */,
				CA37F8361F0C50C8004143AD /* MessageTableViewCell.swift in Sources */,
				CA37F8391F0D9DA8004143AD /* NavigationDelegate.swift in Sources */,
				CAB7C19C1F073F7D00FF19DC /* DashboardViewController.swift in Sources */,
				CAB7C1BB1F0B0A2400FF19DC /* NavigationBar.swift in Sources */,
				CAB7C1881F073CBF00FF19DC /* AppDelegate.swift in Sources */,
				CAB7C1A01F073FBB00FF19DC /* MySalesViewController.swift in Sources */,
				CA37F8411F0DA85C004143AD /* UserCollectionViewCell.swift in Sources */,
				CAB7C1B71F0B071D00FF19DC /* BaseViewController.swift in Sources */,
				CAB7C1AF1F0AFC0E00FF19DC /* MainViewController.swift in Sources */,
			);
			runOnlyForDeploymentPostprocessing = 0;
		};
/* End PBXSourcesBuildPhase section */

/* Begin PBXVariantGroup section */
		CAB7C18B1F073CBF00FF19DC /* Main.storyboard */ = {
			isa = PBXVariantGroup;
			children = (
				CAB7C18C1F073CBF00FF19DC /* Base */,
			);
			name = Main.storyboard;
			sourceTree = "<group>";
		};
		CAB7C1901F073CBF00FF19DC /* LaunchScreen.storyboard */ = {
			isa = PBXVariantGroup;
			children = (
				CAB7C1911F073CBF00FF19DC /* Base */,
			);
			name = LaunchScreen.storyboard;
			sourceTree = "<group>";
		};
/* End PBXVariantGroup section */

/* Begin XCBuildConfiguration section */
		CAB7C1941F073CBF00FF19DC /* Debug */ = {
			isa = XCBuildConfiguration;
			buildSettings = {
				ALWAYS_SEARCH_USER_PATHS = NO;
				CLANG_ANALYZER_NONNULL = YES;
				CLANG_ANALYZER_NUMBER_OBJECT_CONVERSION = YES_AGGRESSIVE;
				CLANG_CXX_LANGUAGE_STANDARD = "gnu++0x";
				CLANG_CXX_LIBRARY = "libc++";
				CLANG_ENABLE_MODULES = YES;
				CLANG_ENABLE_OBJC_ARC = YES;
				CLANG_WARN_BOOL_CONVERSION = YES;
				CLANG_WARN_CONSTANT_CONVERSION = YES;
				CLANG_WARN_DIRECT_OBJC_ISA_USAGE = YES_ERROR;
				CLANG_WARN_DOCUMENTATION_COMMENTS = YES;
				CLANG_WARN_EMPTY_BODY = YES;
				CLANG_WARN_ENUM_CONVERSION = YES;
				CLANG_WARN_INFINITE_RECURSION = YES;
				CLANG_WARN_INT_CONVERSION = YES;
				CLANG_WARN_OBJC_ROOT_CLASS = YES_ERROR;
				CLANG_WARN_SUSPICIOUS_MOVE = YES;
				CLANG_WARN_UNREACHABLE_CODE = YES;
				CLANG_WARN__DUPLICATE_METHOD_MATCH = YES;
				"CODE_SIGN_IDENTITY[sdk=iphoneos*]" = "iPhone Developer";
				COPY_PHASE_STRIP = NO;
				DEBUG_INFORMATION_FORMAT = dwarf;
				ENABLE_STRICT_OBJC_MSGSEND = YES;
				ENABLE_TESTABILITY = YES;
				GCC_C_LANGUAGE_STANDARD = gnu99;
				GCC_DYNAMIC_NO_PIC = NO;
				GCC_NO_COMMON_BLOCKS = YES;
				GCC_OPTIMIZATION_LEVEL = 0;
				GCC_PREPROCESSOR_DEFINITIONS = (
					"DEBUG=1",
					"$(inherited)",
				);
				GCC_WARN_64_TO_32_BIT_CONVERSION = YES;
				GCC_WARN_ABOUT_RETURN_TYPE = YES_ERROR;
				GCC_WARN_UNDECLARED_SELECTOR = YES;
				GCC_WARN_UNINITIALIZED_AUTOS = YES_AGGRESSIVE;
				GCC_WARN_UNUSED_FUNCTION = YES;
				GCC_WARN_UNUSED_VARIABLE = YES;
				IPHONEOS_DEPLOYMENT_TARGET = 10.3;
				MTL_ENABLE_DEBUG_INFO = YES;
				ONLY_ACTIVE_ARCH = YES;
				SDKROOT = iphoneos;
				SWIFT_ACTIVE_COMPILATION_CONDITIONS = DEBUG;
				SWIFT_OPTIMIZATION_LEVEL = "-Onone";
			};
			name = Debug;
		};
		CAB7C1951F073CBF00FF19DC /* Release */ = {
			isa = XCBuildConfiguration;
			buildSettings = {
				ALWAYS_SEARCH_USER_PATHS = NO;
				CLANG_ANALYZER_NONNULL = YES;
				CLANG_ANALYZER_NUMBER_OBJECT_CONVERSION = YES_AGGRESSIVE;
				CLANG_CXX_LANGUAGE_STANDARD = "gnu++0x";
				CLANG_CXX_LIBRARY = "libc++";
				CLANG_ENABLE_MODULES = YES;
				CLANG_ENABLE_OBJC_ARC = YES;
				CLANG_WARN_BOOL_CONVERSION = YES;
				CLANG_WARN_CONSTANT_CONVERSION = YES;
				CLANG_WARN_DIRECT_OBJC_ISA_USAGE = YES_ERROR;
				CLANG_WARN_DOCUMENTATION_COMMENTS = YES;
				CLANG_WARN_EMPTY_BODY = YES;
				CLANG_WARN_ENUM_CONVERSION = YES;
				CLANG_WARN_INFINITE_RECURSION = YES;
				CLANG_WARN_INT_CONVERSION = YES;
				CLANG_WARN_OBJC_ROOT_CLASS = YES_ERROR;
				CLANG_WARN_SUSPICIOUS_MOVE = YES;
				CLANG_WARN_UNREACHABLE_CODE = YES;
				CLANG_WARN__DUPLICATE_METHOD_MATCH = YES;
				"CODE_SIGN_IDENTITY[sdk=iphoneos*]" = "iPhone Developer";
				COPY_PHASE_STRIP = NO;
				DEBUG_INFORMATION_FORMAT = "dwarf-with-dsym";
				ENABLE_NS_ASSERTIONS = NO;
				ENABLE_STRICT_OBJC_MSGSEND = YES;
				GCC_C_LANGUAGE_STANDARD = gnu99;
				GCC_NO_COMMON_BLOCKS = YES;
				GCC_WARN_64_TO_32_BIT_CONVERSION = YES;
				GCC_WARN_ABOUT_RETURN_TYPE = YES_ERROR;
				GCC_WARN_UNDECLARED_SELECTOR = YES;
				GCC_WARN_UNINITIALIZED_AUTOS = YES_AGGRESSIVE;
				GCC_WARN_UNUSED_FUNCTION = YES;
				GCC_WARN_UNUSED_VARIABLE = YES;
				IPHONEOS_DEPLOYMENT_TARGET = 10.3;
				MTL_ENABLE_DEBUG_INFO = NO;
				SDKROOT = iphoneos;
				SWIFT_OPTIMIZATION_LEVEL = "-Owholemodule";
				VALIDATE_PRODUCT = YES;
			};
			name = Release;
		};
		CAB7C1971F073CBF00FF19DC /* Debug */ = {
			isa = XCBuildConfiguration;
			buildSettings = {
				ASSETCATALOG_COMPILER_APPICON_NAME = AppIcon;
				ASSETCATALOG_COMPILER_LAUNCHIMAGE_NAME = LaunchImage;
				DEVELOPMENT_TEAM = NBJCH42A7P;
				FRAMEWORK_SEARCH_PATHS = (
					"$(inherited)",
					"$(PROJECT_DIR)/Carthage/Build/iOS",
				);
				INFOPLIST_FILE = "hotmart-test/Resources/Info.plist";
				LD_RUNPATH_SEARCH_PATHS = "$(inherited) @executable_path/Frameworks";
				PRODUCT_BUNDLE_IDENTIFIER = br.com.hotmart.test.app;
				PRODUCT_NAME = "$(TARGET_NAME)";
				SWIFT_VERSION = 3.0;
			};
			name = Debug;
		};
		CAB7C1981F073CBF00FF19DC /* Release */ = {
			isa = XCBuildConfiguration;
			buildSettings = {
				ASSETCATALOG_COMPILER_APPICON_NAME = AppIcon;
				ASSETCATALOG_COMPILER_LAUNCHIMAGE_NAME = LaunchImage;
				DEVELOPMENT_TEAM = NBJCH42A7P;
				FRAMEWORK_SEARCH_PATHS = (
					"$(inherited)",
					"$(PROJECT_DIR)/Carthage/Build/iOS",
				);
				INFOPLIST_FILE = "hotmart-test/Resources/Info.plist";
				LD_RUNPATH_SEARCH_PATHS = "$(inherited) @executable_path/Frameworks";
				PRODUCT_BUNDLE_IDENTIFIER = br.com.hotmart.test.app;
				PRODUCT_NAME = "$(TARGET_NAME)";
				SWIFT_VERSION = 3.0;
			};
			name = Release;
		};
/* End XCBuildConfiguration section */

/* Begin XCConfigurationList section */
		CAB7C17F1F073CBF00FF19DC /* Build configuration list for PBXProject "hotmart-test" */ = {
			isa = XCConfigurationList;
			buildConfigurations = (
				CAB7C1941F073CBF00FF19DC /* Debug */,
				CAB7C1951F073CBF00FF19DC /* Release */,
			);
			defaultConfigurationIsVisible = 0;
			defaultConfigurationName = Release;
		};
		CAB7C1961F073CBF00FF19DC /* Build configuration list for PBXNativeTarget "hotmart-test" */ = {
			isa = XCConfigurationList;
			buildConfigurations = (
				CAB7C1971F073CBF00FF19DC /* Debug */,
				CAB7C1981F073CBF00FF19DC /* Release */,
			);
			defaultConfigurationIsVisible = 0;
			defaultConfigurationName = Release;
		};
/* End XCConfigurationList section */
	};
	rootObject = CAB7C17C1F073CBF00FF19DC /* Project object */;
}
